
Microsoft Visual Studio Solution File, Format Version 12.00
# Visual Studio Version 17
VisualStudioVersion = 17.0.31903.59
MinimumVisualStudioVersion = 10.0.40219.1
Project("{FAE04EC0-301F-11D3-BF4B-00C04F79EFBC}") = "api", "api\api.csproj", "{49370B4B-D71A-43B9-AC8B-AC8A0FBE5AD2}"
EndProject
Global
	GlobalSection(SolutionConfigurationPlatforms) = preSolution
		Debug|Any CPU = Debug|Any CPU
		Release|Any CPU = Release|Any CPU
	EndGlobalSection
	GlobalSection(SolutionProperties) = preSolution
		HideSolutionNode = FALSE
	EndGlobalSection
	GlobalSection(ProjectConfigurationPlatforms) = postSolution
		{49370B4B-D71A-43B9-AC8B-AC8A0FBE5AD2}.Debug|Any CPU.ActiveCfg = Debug|Any CPU
		{49370B4B-D71A-43B9-AC8B-AC8A0FBE5AD2}.Debug|Any CPU.Build.0 = Debug|Any CPU
		{49370B4B-D71A-43B9-AC8B-AC8A0FBE5AD2}.Release|Any CPU.ActiveCfg = Release|Any CPU
		{49370B4B-D71A-43B9-AC8B-AC8A0FBE5AD2}.Release|Any CPU.Build.0 = Release|Any CPU
	EndGlobalSection
EndGlobal
